
Microsoft Visual Studio Solution File, Format Version 12.00
# Visual Studio Version 17
VisualStudioVersion = 17.8.34322.80
MinimumVisualStudioVersion = 10.0.40219.1
Project("{FAE04EC0-301F-11D3-BF4B-00C04F79EFBC}") = "Games", "Games\Games.csproj", "{DDEFA18E-788D-405C-BB51-A5931AA9C88A}"
EndProject
Global
	GlobalSection(SolutionConfigurationPlatforms) = preSolution
		Debug|Any CPU = Debug|Any CPU
		Release|Any CPU = Release|Any CPU
	EndGlobalSection
	GlobalSection(ProjectConfigurationPlatforms) = postSolution
		{DDEFA18E-788D-405C-BB51-A5931AA9C88A}.Debug|Any CPU.ActiveCfg = Debug|Any CPU
		{DDEFA18E-788D-405C-BB51-A5931AA9C88A}.Debug|Any CPU.Build.0 = Debug|Any CPU
		{DDEFA18E-788D-405C-BB51-A5931AA9C88A}.Release|Any CPU.ActiveCfg = Release|Any CPU
		{DDEFA18E-788D-405C-BB51-A5931AA9C88A}.Release|Any CPU.Build.0 = Release|Any CPU
	EndGlobalSection
	GlobalSection(SolutionProperties) = preSolution
		HideSolutionNode = FALSE
	EndGlobalSection
	GlobalSection(ExtensibilityGlobals) = postSolution
		SolutionGuid = {77188E59-48C8-4BA5-9F69-857222EBC5E7}
	EndGlobalSection
EndGlobal
