
Microsoft Visual Studio Solution File, Format Version 12.00
# Visual Studio Version 17
VisualStudioVersion = 17.9.34616.47
MinimumVisualStudioVersion = 10.0.40219.1
Project("{FAE04EC0-301F-11D3-BF4B-00C04F79EFBC}") = "Part2", "Part2\Part2.csproj", "{26F52D47-7CB5-4847-BAD8-2AC8B371EDA1}"
EndProject
Global
	GlobalSection(SolutionConfigurationPlatforms) = preSolution
		Debug|Any CPU = Debug|Any CPU
		Release|Any CPU = Release|Any CPU
	EndGlobalSection
	GlobalSection(ProjectConfigurationPlatforms) = postSolution
		{26F52D47-7CB5-4847-BAD8-2AC8B371EDA1}.Debug|Any CPU.ActiveCfg = Debug|Any CPU
		{26F52D47-7CB5-4847-BAD8-2AC8B371EDA1}.Debug|Any CPU.Build.0 = Debug|Any CPU
		{26F52D47-7CB5-4847-BAD8-2AC8B371EDA1}.Release|Any CPU.ActiveCfg = Release|Any CPU
		{26F52D47-7CB5-4847-BAD8-2AC8B371EDA1}.Release|Any CPU.Build.0 = Release|Any CPU
	EndGlobalSection
	GlobalSection(SolutionProperties) = preSolution
		HideSolutionNode = FALSE
	EndGlobalSection
	GlobalSection(ExtensibilityGlobals) = postSolution
		SolutionGuid = {828DB732-2371-4169-BC73-84EDB4AE8FE0}
	EndGlobalSection
EndGlobal
